
Microsoft Visual Studio Solution File, Format Version 12.00
Project("{2150E333-8FDC-42A3-9474-1A3956D46DE8}") = "Apis", "Apis", "{A86AC5A3-6817-4D4A-80CA-32B327132C54}"
EndProject
Project("{FAE04EC0-301F-11D3-BF4B-00C04F79EFBC}") = "nShop.AppHost", "nShop.AppHost\nShop.AppHost.csproj", "{8F69CC4A-DD34-4974-9E77-CDC1FBF392DF}"
EndProject
Project("{FAE04EC0-301F-11D3-BF4B-00C04F79EFBC}") = "nShop.ServiceDefaults", "nShop.ServiceDefaults\nShop.ServiceDefaults.csproj", "{95B5B8F4-FA6E-4902-A2E6-D89D336EF8DF}"
EndProject
Project("{FAE04EC0-301F-11D3-BF4B-00C04F79EFBC}") = "nShop.Core", "nShop.Core\nShop.Core.csproj", "{82A4169D-9DE2-45F7-A091-6C8CB81AA762}"
EndProject
Project("{FAE04EC0-301F-11D3-BF4B-00C04F79EFBC}") = "nShop.Core.Constants", "nShop.Core.Constants\nShop.Core.Constants.csproj", "{0098AF57-7599-45C5-B8D6-E3D6A038ACD6}"
EndProject
Project("{FAE04EC0-301F-11D3-BF4B-00C04F79EFBC}") = "nShop.Core.Api.Abstractions", "nShop.Core.Api.Abstractions\nShop.Core.Api.Abstractions.csproj", "{D1ACE5F4-AF2E-4B73-9C6E-A4A0E685B471}"
EndProject
Project("{FAE04EC0-301F-11D3-BF4B-00C04F79EFBC}") = "nShop.Shared", "nShop.Shared\nShop.Shared.csproj", "{751F8162-1C3B-4061-8DDC-8DAD01F89802}"
EndProject
Project("{2150E333-8FDC-42A3-9474-1A3956D46DE8}") = "Infrastructure", "Infrastructure", "{5B552AE2-E03C-4A77-A502-FF0EF9E439D7}"
EndProject
Project("{FAE04EC0-301F-11D3-BF4B-00C04F79EFBC}") = "nShop.Infrastructure.EventStore.EventStoreDB", "Infrastructure\EventStore\nShop.Infrastructure.EventStore.EventStoreDB\nShop.Infrastructure.EventStore.EventStoreDB.csproj", "{DD864A69-21C2-409F-B962-A23C7AACD42F}"
EndProject
Project("{2150E333-8FDC-42A3-9474-1A3956D46DE8}") = "Aspire", "Aspire", "{ABAEB19E-A2B1-41C1-87CE-6363541A02A6}"
EndProject
Project("{FAE04EC0-301F-11D3-BF4B-00C04F79EFBC}") = "nShop.Aspire.EventStoreDB", "Aspire\nShop.Aspire.EventStoreDB\nShop.Aspire.EventStoreDB.csproj", "{12F71A57-CED8-4A05-8902-2B3A9F0336F7}"
EndProject
Project("{2150E333-8FDC-42A3-9474-1A3956D46DE8}") = "Catalog", "Catalog", "{C3ABF23A-CE56-4AC7-AC09-240079B517B8}"
EndProject
Project("{FAE04EC0-301F-11D3-BF4B-00C04F79EFBC}") = "nShop.Catalog.Abstractions", "Apis\Catalog\nShop.Catalog.Abstractions\nShop.Catalog.Abstractions.csproj", "{BBA4AA24-9A12-4249-AE48-AB71124E7377}"
EndProject
Project("{2150E333-8FDC-42A3-9474-1A3956D46DE8}") = "Tenancy", "Tenancy", "{C34AA5D4-D369-4183-88AF-30E751DD3AEA}"
EndProject
Project("{FAE04EC0-301F-11D3-BF4B-00C04F79EFBC}") = "nShop.Tenancy.Abstractions", "Tenancy\nShop.Tenancy.Abstractions\nShop.Tenancy.Abstractions.csproj", "{89A0AE0E-787F-4BEB-9B27-69F03310E77E}"
EndProject
Project("{FAE04EC0-301F-11D3-BF4B-00C04F79EFBC}") = "nShop.Catalog.Api", "Apis\Catalog\nShop.Catalog.Api\nShop.Catalog.Api.csproj", "{6DEC826D-2563-4D04-8243-94169048F817}"
EndProject
Project("{FAE04EC0-301F-11D3-BF4B-00C04F79EFBC}") = "nShop.Catalog.SyncService.Abstractions", "Apis\Catalog\nShop.Catalog.SyncService.Abstractions\nShop.Catalog.SyncService.Abstractions.csproj", "{FEDA7505-7715-4425-820F-A2ACF8E73C2A}"
EndProject
Project("{FAE04EC0-301F-11D3-BF4B-00C04F79EFBC}") = "nShop.Catalog.Client.Abstractions", "Apis\Catalog\nShop.Catalog.Client.Abstractions\nShop.Catalog.Client.Abstractions.csproj", "{F49792EF-E05B-4A64-AD25-4F52CFE78EFA}"
EndProject
Project("{FAE04EC0-301F-11D3-BF4B-00C04F79EFBC}") = "nShop.Catalog.SyncService.MongoDb", "Apis\Catalog\nShop.Catalog.SyncService.MongoDb\nShop.Catalog.SyncService.MongoDb.csproj", "{8D51775B-8B9D-4A58-B9FB-15D1FE69432A}"
EndProject
Project("{FAE04EC0-301F-11D3-BF4B-00C04F79EFBC}") = "nShop.Infrastructure.KafkaPullService", "Infrastructure\nShop.Infrastructure.KafkaPullService\nShop.Infrastructure.KafkaPullService.csproj", "{7C97480C-E23C-4B9A-B9F2-D94420274DFB}"
EndProject
Project("{FAE04EC0-301F-11D3-BF4B-00C04F79EFBC}") = "nShop.Infrastructure.EventBus.Kafka", "Infrastructure\nShop.Infrastructure.EventBus.Kafka\nShop.Infrastructure.EventBus.Kafka.csproj", "{313AA131-5C4B-4F4D-97D3-8CC613E7721D}"
EndProject
Project("{FAE04EC0-301F-11D3-BF4B-00C04F79EFBC}") = "nShop.Catalog.SyncService", "Apis\Catalog\nShop.Catalog.SyncService\nShop.Catalog.SyncService.csproj", "{60BB25DD-9667-4181-8024-2E4BDC821118}"
EndProject
Project("{FAE04EC0-301F-11D3-BF4B-00C04F79EFBC}") = "nShop.AppDefaults", "nShop.AppDefaults\nShop.AppDefaults.csproj", "{49D51634-0DAF-4545-97EA-65ACA1D1CF68}"
EndProject
Global
	GlobalSection(SolutionConfigurationPlatforms) = preSolution
		Debug|Any CPU = Debug|Any CPU
		Release|Any CPU = Release|Any CPU
	EndGlobalSection
	GlobalSection(ProjectConfigurationPlatforms) = postSolution
		{8F69CC4A-DD34-4974-9E77-CDC1FBF392DF}.Debug|Any CPU.ActiveCfg = Debug|Any CPU
		{8F69CC4A-DD34-4974-9E77-CDC1FBF392DF}.Debug|Any CPU.Build.0 = Debug|Any CPU
		{8F69CC4A-DD34-4974-9E77-CDC1FBF392DF}.Release|Any CPU.ActiveCfg = Release|Any CPU
		{8F69CC4A-DD34-4974-9E77-CDC1FBF392DF}.Release|Any CPU.Build.0 = Release|Any CPU
		{95B5B8F4-FA6E-4902-A2E6-D89D336EF8DF}.Debug|Any CPU.ActiveCfg = Debug|Any CPU
		{95B5B8F4-FA6E-4902-A2E6-D89D336EF8DF}.Debug|Any CPU.Build.0 = Debug|Any CPU
		{95B5B8F4-FA6E-4902-A2E6-D89D336EF8DF}.Release|Any CPU.ActiveCfg = Release|Any CPU
		{95B5B8F4-FA6E-4902-A2E6-D89D336EF8DF}.Release|Any CPU.Build.0 = Release|Any CPU
		{82A4169D-9DE2-45F7-A091-6C8CB81AA762}.Debug|Any CPU.ActiveCfg = Debug|Any CPU
		{82A4169D-9DE2-45F7-A091-6C8CB81AA762}.Debug|Any CPU.Build.0 = Debug|Any CPU
		{82A4169D-9DE2-45F7-A091-6C8CB81AA762}.Release|Any CPU.ActiveCfg = Release|Any CPU
		{82A4169D-9DE2-45F7-A091-6C8CB81AA762}.Release|Any CPU.Build.0 = Release|Any CPU
		{0098AF57-7599-45C5-B8D6-E3D6A038ACD6}.Debug|Any CPU.ActiveCfg = Debug|Any CPU
		{0098AF57-7599-45C5-B8D6-E3D6A038ACD6}.Debug|Any CPU.Build.0 = Debug|Any CPU
		{0098AF57-7599-45C5-B8D6-E3D6A038ACD6}.Release|Any CPU.ActiveCfg = Release|Any CPU
		{0098AF57-7599-45C5-B8D6-E3D6A038ACD6}.Release|Any CPU.Build.0 = Release|Any CPU
		{D1ACE5F4-AF2E-4B73-9C6E-A4A0E685B471}.Debug|Any CPU.ActiveCfg = Debug|Any CPU
		{D1ACE5F4-AF2E-4B73-9C6E-A4A0E685B471}.Debug|Any CPU.Build.0 = Debug|Any CPU
		{D1ACE5F4-AF2E-4B73-9C6E-A4A0E685B471}.Release|Any CPU.ActiveCfg = Release|Any CPU
		{D1ACE5F4-AF2E-4B73-9C6E-A4A0E685B471}.Release|Any CPU.Build.0 = Release|Any CPU
		{751F8162-1C3B-4061-8DDC-8DAD01F89802}.Debug|Any CPU.ActiveCfg = Debug|Any CPU
		{751F8162-1C3B-4061-8DDC-8DAD01F89802}.Debug|Any CPU.Build.0 = Debug|Any CPU
		{751F8162-1C3B-4061-8DDC-8DAD01F89802}.Release|Any CPU.ActiveCfg = Release|Any CPU
		{751F8162-1C3B-4061-8DDC-8DAD01F89802}.Release|Any CPU.Build.0 = Release|Any CPU
		{DD864A69-21C2-409F-B962-A23C7AACD42F}.Debug|Any CPU.ActiveCfg = Debug|Any CPU
		{DD864A69-21C2-409F-B962-A23C7AACD42F}.Debug|Any CPU.Build.0 = Debug|Any CPU
		{DD864A69-21C2-409F-B962-A23C7AACD42F}.Release|Any CPU.ActiveCfg = Release|Any CPU
		{DD864A69-21C2-409F-B962-A23C7AACD42F}.Release|Any CPU.Build.0 = Release|Any CPU
		{12F71A57-CED8-4A05-8902-2B3A9F0336F7}.Debug|Any CPU.ActiveCfg = Debug|Any CPU
		{12F71A57-CED8-4A05-8902-2B3A9F0336F7}.Debug|Any CPU.Build.0 = Debug|Any CPU
		{12F71A57-CED8-4A05-8902-2B3A9F0336F7}.Release|Any CPU.ActiveCfg = Release|Any CPU
		{12F71A57-CED8-4A05-8902-2B3A9F0336F7}.Release|Any CPU.Build.0 = Release|Any CPU
		{BBA4AA24-9A12-4249-AE48-AB71124E7377}.Debug|Any CPU.ActiveCfg = Debug|Any CPU
		{BBA4AA24-9A12-4249-AE48-AB71124E7377}.Debug|Any CPU.Build.0 = Debug|Any CPU
		{BBA4AA24-9A12-4249-AE48-AB71124E7377}.Release|Any CPU.ActiveCfg = Release|Any CPU
		{BBA4AA24-9A12-4249-AE48-AB71124E7377}.Release|Any CPU.Build.0 = Release|Any CPU
		{89A0AE0E-787F-4BEB-9B27-69F03310E77E}.Debug|Any CPU.ActiveCfg = Debug|Any CPU
		{89A0AE0E-787F-4BEB-9B27-69F03310E77E}.Debug|Any CPU.Build.0 = Debug|Any CPU
		{89A0AE0E-787F-4BEB-9B27-69F03310E77E}.Release|Any CPU.ActiveCfg = Release|Any CPU
		{89A0AE0E-787F-4BEB-9B27-69F03310E77E}.Release|Any CPU.Build.0 = Release|Any CPU
		{6DEC826D-2563-4D04-8243-94169048F817}.Debug|Any CPU.ActiveCfg = Debug|Any CPU
		{6DEC826D-2563-4D04-8243-94169048F817}.Debug|Any CPU.Build.0 = Debug|Any CPU
		{6DEC826D-2563-4D04-8243-94169048F817}.Release|Any CPU.ActiveCfg = Release|Any CPU
		{6DEC826D-2563-4D04-8243-94169048F817}.Release|Any CPU.Build.0 = Release|Any CPU
		{FEDA7505-7715-4425-820F-A2ACF8E73C2A}.Debug|Any CPU.ActiveCfg = Debug|Any CPU
		{FEDA7505-7715-4425-820F-A2ACF8E73C2A}.Debug|Any CPU.Build.0 = Debug|Any CPU
		{FEDA7505-7715-4425-820F-A2ACF8E73C2A}.Release|Any CPU.ActiveCfg = Release|Any CPU
		{FEDA7505-7715-4425-820F-A2ACF8E73C2A}.Release|Any CPU.Build.0 = Release|Any CPU
		{F49792EF-E05B-4A64-AD25-4F52CFE78EFA}.Debug|Any CPU.ActiveCfg = Debug|Any CPU
		{F49792EF-E05B-4A64-AD25-4F52CFE78EFA}.Debug|Any CPU.Build.0 = Debug|Any CPU
		{F49792EF-E05B-4A64-AD25-4F52CFE78EFA}.Release|Any CPU.ActiveCfg = Release|Any CPU
		{F49792EF-E05B-4A64-AD25-4F52CFE78EFA}.Release|Any CPU.Build.0 = Release|Any CPU
		{8D51775B-8B9D-4A58-B9FB-15D1FE69432A}.Debug|Any CPU.ActiveCfg = Debug|Any CPU
		{8D51775B-8B9D-4A58-B9FB-15D1FE69432A}.Debug|Any CPU.Build.0 = Debug|Any CPU
		{8D51775B-8B9D-4A58-B9FB-15D1FE69432A}.Release|Any CPU.ActiveCfg = Release|Any CPU
		{8D51775B-8B9D-4A58-B9FB-15D1FE69432A}.Release|Any CPU.Build.0 = Release|Any CPU
		{7C97480C-E23C-4B9A-B9F2-D94420274DFB}.Debug|Any CPU.ActiveCfg = Debug|Any CPU
		{7C97480C-E23C-4B9A-B9F2-D94420274DFB}.Debug|Any CPU.Build.0 = Debug|Any CPU
		{7C97480C-E23C-4B9A-B9F2-D94420274DFB}.Release|Any CPU.ActiveCfg = Release|Any CPU
		{7C97480C-E23C-4B9A-B9F2-D94420274DFB}.Release|Any CPU.Build.0 = Release|Any CPU
		{313AA131-5C4B-4F4D-97D3-8CC613E7721D}.Debug|Any CPU.ActiveCfg = Debug|Any CPU
		{313AA131-5C4B-4F4D-97D3-8CC613E7721D}.Debug|Any CPU.Build.0 = Debug|Any CPU
		{313AA131-5C4B-4F4D-97D3-8CC613E7721D}.Release|Any CPU.ActiveCfg = Release|Any CPU
		{313AA131-5C4B-4F4D-97D3-8CC613E7721D}.Release|Any CPU.Build.0 = Release|Any CPU
		{60BB25DD-9667-4181-8024-2E4BDC821118}.Debug|Any CPU.ActiveCfg = Debug|Any CPU
		{60BB25DD-9667-4181-8024-2E4BDC821118}.Debug|Any CPU.Build.0 = Debug|Any CPU
		{60BB25DD-9667-4181-8024-2E4BDC821118}.Release|Any CPU.ActiveCfg = Release|Any CPU
		{60BB25DD-9667-4181-8024-2E4BDC821118}.Release|Any CPU.Build.0 = Release|Any CPU
		{49D51634-0DAF-4545-97EA-65ACA1D1CF68}.Debug|Any CPU.ActiveCfg = Debug|Any CPU
		{49D51634-0DAF-4545-97EA-65ACA1D1CF68}.Debug|Any CPU.Build.0 = Debug|Any CPU
		{49D51634-0DAF-4545-97EA-65ACA1D1CF68}.Release|Any CPU.ActiveCfg = Release|Any CPU
		{49D51634-0DAF-4545-97EA-65ACA1D1CF68}.Release|Any CPU.Build.0 = Release|Any CPU
	EndGlobalSection
	GlobalSection(NestedProjects) = preSolution
		{DD864A69-21C2-409F-B962-A23C7AACD42F} = {5B552AE2-E03C-4A77-A502-FF0EF9E439D7}
		{12F71A57-CED8-4A05-8902-2B3A9F0336F7} = {ABAEB19E-A2B1-41C1-87CE-6363541A02A6}
		{C3ABF23A-CE56-4AC7-AC09-240079B517B8} = {A86AC5A3-6817-4D4A-80CA-32B327132C54}
		{BBA4AA24-9A12-4249-AE48-AB71124E7377} = {C3ABF23A-CE56-4AC7-AC09-240079B517B8}
		{89A0AE0E-787F-4BEB-9B27-69F03310E77E} = {C34AA5D4-D369-4183-88AF-30E751DD3AEA}
		{6DEC826D-2563-4D04-8243-94169048F817} = {C3ABF23A-CE56-4AC7-AC09-240079B517B8}
		{FEDA7505-7715-4425-820F-A2ACF8E73C2A} = {C3ABF23A-CE56-4AC7-AC09-240079B517B8}
		{F49792EF-E05B-4A64-AD25-4F52CFE78EFA} = {C3ABF23A-CE56-4AC7-AC09-240079B517B8}
		{8D51775B-8B9D-4A58-B9FB-15D1FE69432A} = {C3ABF23A-CE56-4AC7-AC09-240079B517B8}
		{7C97480C-E23C-4B9A-B9F2-D94420274DFB} = {5B552AE2-E03C-4A77-A502-FF0EF9E439D7}
		{313AA131-5C4B-4F4D-97D3-8CC613E7721D} = {5B552AE2-E03C-4A77-A502-FF0EF9E439D7}
		{60BB25DD-9667-4181-8024-2E4BDC821118} = {C3ABF23A-CE56-4AC7-AC09-240079B517B8}
	EndGlobalSection
EndGlobal
